
Microsoft Visual Studio Solution File, Format Version 12.00
# Visual Studio Version 16
VisualStudioVersion = 16.0.31702.278
MinimumVisualStudioVersion = 10.0.40219.1
Project("{FAE04EC0-301F-11D3-BF4B-00C04F79EFBC}") = "SimpleMVVMCalculator", "ControlRadApplication.EvyatarPelleg\SimpleMVVMCalculator.csproj", "{E1F1CC51-D5FF-43E1-BE7F-459A59637E1A}"
	ProjectSection(ProjectDependencies) = postProject
		{9E413D67-C198-4081-A270-67E9DF0CC85E} = {9E413D67-C198-4081-A270-67E9DF0CC85E}
	EndProjectSection
EndProject
Project("{8BC9CEB8-8B4A-11D0-8D11-00A0C91BC942}") = "CppFunctions", "CppFunctions\CppFunctions.vcxproj", "{9E413D67-C198-4081-A270-67E9DF0CC85E}"
EndProject
Global
	GlobalSection(SolutionConfigurationPlatforms) = preSolution
		Debug|x64 = Debug|x64
		Debug|x86 = Debug|x86
		Release|x64 = Release|x64
		Release|x86 = Release|x86
	EndGlobalSection
	GlobalSection(ProjectConfigurationPlatforms) = postSolution
		{E1F1CC51-D5FF-43E1-BE7F-459A59637E1A}.Debug|x64.ActiveCfg = Debug|x64
		{E1F1CC51-D5FF-43E1-BE7F-459A59637E1A}.Debug|x64.Build.0 = Debug|x64
		{E1F1CC51-D5FF-43E1-BE7F-459A59637E1A}.Debug|x86.ActiveCfg = Debug|x86
		{E1F1CC51-D5FF-43E1-BE7F-459A59637E1A}.Debug|x86.Build.0 = Debug|x86
		{E1F1CC51-D5FF-43E1-BE7F-459A59637E1A}.Release|x64.ActiveCfg = Release|x64
		{E1F1CC51-D5FF-43E1-BE7F-459A59637E1A}.Release|x64.Build.0 = Release|x64
		{E1F1CC51-D5FF-43E1-BE7F-459A59637E1A}.Release|x86.ActiveCfg = Release|x86
		{E1F1CC51-D5FF-43E1-BE7F-459A59637E1A}.Release|x86.Build.0 = Release|x86
		{9E413D67-C198-4081-A270-67E9DF0CC85E}.Debug|x64.ActiveCfg = Debug|x64
		{9E413D67-C198-4081-A270-67E9DF0CC85E}.Debug|x64.Build.0 = Debug|x64
		{9E413D67-C198-4081-A270-67E9DF0CC85E}.Debug|x86.ActiveCfg = Debug|Win32
		{9E413D67-C198-4081-A270-67E9DF0CC85E}.Debug|x86.Build.0 = Debug|Win32
		{9E413D67-C198-4081-A270-67E9DF0CC85E}.Release|x64.ActiveCfg = Release|x64
		{9E413D67-C198-4081-A270-67E9DF0CC85E}.Release|x64.Build.0 = Release|x64
		{9E413D67-C198-4081-A270-67E9DF0CC85E}.Release|x86.ActiveCfg = Release|Win32
		{9E413D67-C198-4081-A270-67E9DF0CC85E}.Release|x86.Build.0 = Release|Win32
	EndGlobalSection
	GlobalSection(SolutionProperties) = preSolution
		HideSolutionNode = FALSE
	EndGlobalSection
	GlobalSection(ExtensibilityGlobals) = postSolution
		SolutionGuid = {7984299D-C7A5-4787-90E0-9E58EC1B0FD9}
	EndGlobalSection
EndGlobal
